dependencies:
- name: common
  repository: https://atlassian.github.io/data-center-helm-charts
  version: 1.2.7
- name: opensearch
  repository: https://opensearch-project.github.io/helm-charts
  version: 2.19.0
digest: sha256:30b05d2d8c98681e7bb72bc414764632580a75da926ce9b8330f7785a3bf6a12
generated: "2024-09-10T03:31:08.769574684Z"
