dependencies:
- name: common
  repository: https://atlassian.github.io/data-center-helm-charts
  version: 1.2.7
- name: opensearch
  repository: https://opensearch-project.github.io/helm-charts
  version: 2.19.0
digest: sha256:fe02d8bccca68486410229fabbb15fb89b476f6c6c86947bb218d67cb6b19b35
generated: "2024-05-13T16:16:59.355971+10:00"
