dependencies:
- name: common
  repository: https://atlassian.github.io/data-center-helm-charts
  version: 1.2.6
- name: opensearch
  repository: https://opensearch-project.github.io/helm-charts
  version: 2.19.0
digest: sha256:7821fd7658048f4fffb0bb4c1b5bc4050e70e2782d6186ac4f1b8eaf459584b5
generated: "2024-05-11T10:34:27.159625+10:00"
